
Microsoft Visual Studio Solution File, Format Version 12.00
# Visual Studio Version 17
VisualStudioVersion = 17.8.34525.116
MinimumVisualStudioVersion = 10.0.40219.1
Project("{FAE04EC0-301F-11D3-BF4B-00C04F79EFBC}") = "GuidanceTracker", "GuidanceTracker.csproj", "{5C47355C-573C-47BD-A142-C79ECE697634}"
EndProject
Global
	GlobalSection(SolutionConfigurationPlatforms) = preSolution
		Debug|Any CPU = Debug|Any CPU
		Release|Any CPU = Release|Any CPU
	EndGlobalSection
	GlobalSection(ProjectConfigurationPlatforms) = postSolution
		{5C47355C-573C-47BD-A142-C79ECE697634}.Debug|Any CPU.ActiveCfg = Debug|Any CPU
		{5C47355C-573C-47BD-A142-C79ECE697634}.Debug|Any CPU.Build.0 = Debug|Any CPU
		{5C47355C-573C-47BD-A142-C79ECE697634}.Release|Any CPU.ActiveCfg = Release|Any CPU
		{5C47355C-573C-47BD-A142-C79ECE697634}.Release|Any CPU.Build.0 = Release|Any CPU
	EndGlobalSection
	GlobalSection(SolutionProperties) = preSolution
		HideSolutionNode = FALSE
	EndGlobalSection
	GlobalSection(ExtensibilityGlobals) = postSolution
		SolutionGuid = {6480471E-44EA-422A-A077-25D603F306D9}
	EndGlobalSection
EndGlobal
